
Microsoft Visual Studio Solution File, Format Version 12.00
# Visual Studio Version 17
VisualStudioVersion = 17.8.34316.72
MinimumVisualStudioVersion = 10.0.40219.1
Project("{FAE04EC0-301F-11D3-BF4B-00C04F79EFBC}") = "ListViewScrollIssue", "ListViewScrollIssue\ListViewScrollIssue.csproj", "{6FEDA525-A3D6-4E29-9ED4-9669BE06EA77}"
EndProject
Global
	GlobalSection(SolutionConfigurationPlatforms) = preSolution
		Debug|Any CPU = Debug|Any CPU
		Release|Any CPU = Release|Any CPU
	EndGlobalSection
	GlobalSection(ProjectConfigurationPlatforms) = postSolution
		{6FEDA525-A3D6-4E29-9ED4-9669BE06EA77}.Debug|Any CPU.ActiveCfg = Debug|Any CPU
		{6FEDA525-A3D6-4E29-9ED4-9669BE06EA77}.Debug|Any CPU.Build.0 = Debug|Any CPU
		{6FEDA525-A3D6-4E29-9ED4-9669BE06EA77}.Debug|Any CPU.Deploy.0 = Debug|Any CPU
		{6FEDA525-A3D6-4E29-9ED4-9669BE06EA77}.Release|Any CPU.ActiveCfg = Release|Any CPU
		{6FEDA525-A3D6-4E29-9ED4-9669BE06EA77}.Release|Any CPU.Build.0 = Release|Any CPU
		{6FEDA525-A3D6-4E29-9ED4-9669BE06EA77}.Release|Any CPU.Deploy.0 = Release|Any CPU
	EndGlobalSection
	GlobalSection(SolutionProperties) = preSolution
		HideSolutionNode = FALSE
	EndGlobalSection
	GlobalSection(ExtensibilityGlobals) = postSolution
		SolutionGuid = {4DA0AFC3-3304-471D-AFCF-F04AFAACF78B}
	EndGlobalSection
EndGlobal
